{
  "name": "simple",
  "version": "0.0.0",
  "lockfileVersion": 3,
  "requires": true,
  "packages": {
    "": {
      "version": "0.0.0",
      "dependencies": {
        "hyco-https": "^1.0.7"
      },
      "devDependencies": {}
    },
    "node_modules/async-limiter": {
      "version": "1.0.0",
      "resolved": "https://registry.npmjs.org/async-limiter/-/async-limiter-1.0.0.tgz",
      "integrity": "sha512-jp/uFnooOiO+L211eZOoSyzpOITMXx1rBITauYykG3BRYPu8h0UcxsPNB04RR5vo4Tyz3+ay17tR6JVf9qzYWg=="
    },
    "node_modules/crypto": {
      "version": "1.0.1",
      "resolved": "https://registry.npmjs.org/crypto/-/crypto-1.0.1.tgz",
      "integrity": "sha512-VxBKmeNcqQdiUQUW2Tzq0t377b54N2bMtXO/qiLa+6eRRmmC4qT3D4OnTGoT/U6O9aklQ/jTwbOtRMTTY8G0Ig==",
      "deprecated": "This package is no longer supported. It's now a built-in Node module. If you've depended on crypto, you should switch to the one that's built-in."
    },
    "node_modules/events": {
      "version": "2.0.0",
      "resolved": "https://registry.npmjs.org/events/-/events-2.0.0.tgz",
      "integrity": "sha512-r/M5YkNg9zwI8QbSf7tsDWWJvO3PGwZXyG7GpFAxtMASnHL2eblFd7iHiGPtyGKKFPZ59S63NeX10Ws6WqGDcg==",
      "engines": {
        "node": ">=0.4.x"
      }
    },
    "node_modules/https": {
      "version": "1.0.0",
      "resolved": "https://registry.npmjs.org/https/-/https-1.0.0.tgz",
      "integrity": "sha1-PDfHrhqO65ZpBKKtHpdaGUt+06Q="
    },
    "node_modules/hyco-https": {
      "version": "1.0.7",
      "resolved": "https://registry.npmjs.org/hyco-https/-/hyco-https-1.0.7.tgz",
      "integrity": "sha512-CTjmiJ+0l/lr8CWL3FF+7QWnjR6SL0AT2Qi5IDaNDhltxISOVRHw2v2Xu+DwgR48PDRQE+tzxQmKQmTdDJ89yA==",
      "dependencies": {
        "crypto": "latest",
        "events": "latest",
        "https": "latest",
        "moment": "^2.22.1",
        "util": "latest",
        "ws": "^5.1.1"
      }
    },
    "node_modules/inherits": {
      "version": "2.0.1",
      "resolved": "https://registry.npmjs.org/inherits/-/inherits-2.0.1.tgz",
      "integrity": "sha1-sX0I0ya0Qj5Wjv9xn5GwscvfafE="
    },
    "node_modules/moment": {
      "version": "2.30.1",
      "resolved": "https://registry.npmjs.org/moment/-/moment-2.30.1.tgz",
      "integrity": "sha512-uEmtNhbDOrWPFS+hdjFCBfy9f2YoyzRpwcl+DqpC6taX21FzsTLQVbMV/W7PzNSX6x/bhC1zA3c2UQ5NzH6how==",
      "license": "MIT",
      "engines": {
        "node": "*"
      }
    },
    "node_modules/util": {
      "version": "0.10.3",
      "resolved": "https://registry.npmjs.org/util/-/util-0.10.3.tgz",
      "integrity": "sha1-evsa/lCAUkZInj23/g7TeTNqwPk=",
      "dependencies": {
        "inherits": "2.0.1"
      }
    },
    "node_modules/ws": {
      "version": "5.1.1",
      "resolved": "https://registry.npmjs.org/ws/-/ws-5.1.1.tgz",
      "integrity": "sha512-bOusvpCb09TOBLbpMKszd45WKC2KPtxiyiHanv+H2DE3Az+1db5a/L7sVJZVDPUC1Br8f0SKRr1KjLpD1U/IAw==",
      "dependencies": {
        "async-limiter": "~1.0.0"
      }
    }
  }
}
