{
  "name": "simple",
  "version": "0.0.0",
  "lockfileVersion": 1,
  "requires": true,
  "dependencies": {
    "async-limiter": {
      "version": "1.0.0",
      "resolved": "https://registry.npmjs.org/async-limiter/-/async-limiter-1.0.0.tgz",
      "integrity": "sha512-jp/uFnooOiO+L211eZOoSyzpOITMXx1rBITauYykG3BRYPu8h0UcxsPNB04RR5vo4Tyz3+ay17tR6JVf9qzYWg=="
    },
    "crypto": {
      "version": "1.0.1",
      "resolved": "https://registry.npmjs.org/crypto/-/crypto-1.0.1.tgz",
      "integrity": "sha512-VxBKmeNcqQdiUQUW2Tzq0t377b54N2bMtXO/qiLa+6eRRmmC4qT3D4OnTGoT/U6O9aklQ/jTwbOtRMTTY8G0Ig=="
    },
    "events": {
      "version": "2.0.0",
      "resolved": "https://registry.npmjs.org/events/-/events-2.0.0.tgz",
      "integrity": "sha512-r/M5YkNg9zwI8QbSf7tsDWWJvO3PGwZXyG7GpFAxtMASnHL2eblFd7iHiGPtyGKKFPZ59S63NeX10Ws6WqGDcg=="
    },
    "https": {
      "version": "1.0.0",
      "resolved": "https://registry.npmjs.org/https/-/https-1.0.0.tgz",
      "integrity": "sha1-PDfHrhqO65ZpBKKtHpdaGUt+06Q="
    },
    "hyco-https": {
      "version": "1.0.7",
      "resolved": "https://registry.npmjs.org/hyco-https/-/hyco-https-1.0.7.tgz",
      "integrity": "sha512-CTjmiJ+0l/lr8CWL3FF+7QWnjR6SL0AT2Qi5IDaNDhltxISOVRHw2v2Xu+DwgR48PDRQE+tzxQmKQmTdDJ89yA==",
      "requires": {
        "crypto": "1.0.1",
        "events": "2.0.0",
        "https": "1.0.0",
        "moment": "2.22.1",
        "util": "0.10.3",
        "ws": "5.1.1"
      }
    },
    "inherits": {
      "version": "2.0.1",
      "resolved": "https://registry.npmjs.org/inherits/-/inherits-2.0.1.tgz",
      "integrity": "sha1-sX0I0ya0Qj5Wjv9xn5GwscvfafE="
    },
    "moment": {
      "version": "2.22.1",
      "resolved": "https://registry.npmjs.org/moment/-/moment-2.22.1.tgz",
      "integrity": "sha512-shJkRTSebXvsVqk56I+lkb2latjBs8I+pc2TzWc545y2iFnSjm7Wg0QMh+ZWcdSLQyGEau5jI8ocnmkyTgr9YQ=="
    },
    "util": {
      "version": "0.10.3",
      "resolved": "https://registry.npmjs.org/util/-/util-0.10.3.tgz",
      "integrity": "sha1-evsa/lCAUkZInj23/g7TeTNqwPk=",
      "requires": {
        "inherits": "2.0.1"
      }
    },
    "ws": {
      "version": "5.1.1",
      "resolved": "https://registry.npmjs.org/ws/-/ws-5.1.1.tgz",
      "integrity": "sha512-bOusvpCb09TOBLbpMKszd45WKC2KPtxiyiHanv+H2DE3Az+1db5a/L7sVJZVDPUC1Br8f0SKRr1KjLpD1U/IAw==",
      "requires": {
        "async-limiter": "1.0.0"
      }
    }
  }
}
