
Microsoft Visual Studio Solution File, Format Version 12.00
# Visual Studio 14
VisualStudioVersion = 14.0.23107.0
MinimumVisualStudioVersion = 10.0.40219.1
Project("{2150E333-8FDC-42A3-9474-1A3956D46DE8}") = "Solution Items", "Solution Items", "{9F296B05-F747-4534-8566-A223F3A7CC7E}"
	ProjectSection(SolutionItems) = preProject
		README.md = README.md
		shared.thrift = shared.thrift
		tutorial.thrift = tutorial.thrift
	EndProjectSection
EndProject
Project("{FAE04EC0-301F-11D3-BF4B-00C04F79EFBC}") = "AzureServiceBus.RelayListener", "..\RelayListener\AzureServiceBus.RelayListener\AzureServiceBus.RelayListener.csproj", "{2234CFD7-15A6-4823-9228-F9B5C492076C}"
EndProject
Project("{FAE04EC0-301F-11D3-BF4B-00C04F79EFBC}") = "Client", "Client\Client.csproj", "{BD767BCB-8DCA-4E28-BB9D-1355860F54B9}"
EndProject
Project("{FAE04EC0-301F-11D3-BF4B-00C04F79EFBC}") = "Server", "Server\Server.csproj", "{8630EB75-14FB-44C8-A6E9-20783746D46D}"
EndProject
Global
	GlobalSection(SolutionConfigurationPlatforms) = preSolution
		Debug|Any CPU = Debug|Any CPU
		Release|Any CPU = Release|Any CPU
	EndGlobalSection
	GlobalSection(ProjectConfigurationPlatforms) = postSolution
		{2234CFD7-15A6-4823-9228-F9B5C492076C}.Debug|Any CPU.ActiveCfg = Debug|Any CPU
		{2234CFD7-15A6-4823-9228-F9B5C492076C}.Debug|Any CPU.Build.0 = Debug|Any CPU
		{2234CFD7-15A6-4823-9228-F9B5C492076C}.Release|Any CPU.ActiveCfg = Release|Any CPU
		{2234CFD7-15A6-4823-9228-F9B5C492076C}.Release|Any CPU.Build.0 = Release|Any CPU
		{BD767BCB-8DCA-4E28-BB9D-1355860F54B9}.Debug|Any CPU.ActiveCfg = Debug|Any CPU
		{BD767BCB-8DCA-4E28-BB9D-1355860F54B9}.Debug|Any CPU.Build.0 = Debug|Any CPU
		{BD767BCB-8DCA-4E28-BB9D-1355860F54B9}.Release|Any CPU.ActiveCfg = Release|Any CPU
		{BD767BCB-8DCA-4E28-BB9D-1355860F54B9}.Release|Any CPU.Build.0 = Release|Any CPU
		{8630EB75-14FB-44C8-A6E9-20783746D46D}.Debug|Any CPU.ActiveCfg = Debug|Any CPU
		{8630EB75-14FB-44C8-A6E9-20783746D46D}.Debug|Any CPU.Build.0 = Debug|Any CPU
		{8630EB75-14FB-44C8-A6E9-20783746D46D}.Release|Any CPU.ActiveCfg = Release|Any CPU
		{8630EB75-14FB-44C8-A6E9-20783746D46D}.Release|Any CPU.Build.0 = Release|Any CPU
	EndGlobalSection
	GlobalSection(SolutionProperties) = preSolution
		HideSolutionNode = FALSE
	EndGlobalSection
EndGlobal
