
Microsoft Visual Studio Solution File, Format Version 12.00
# Visual Studio 14
VisualStudioVersion = 14.0.23107.0
MinimumVisualStudioVersion = 10.0.40219.1
Project("{2150E333-8FDC-42A3-9474-1A3956D46DE8}") = "Solution Items", "Solution Items", "{62B340B1-3FE5-4A46-8296-0DF777EE6E28}"
	ProjectSection(SolutionItems) = preProject
		README.md = README.md
	EndProjectSection
EndProject
Project("{FAE04EC0-301F-11D3-BF4B-00C04F79EFBC}") = "Service", "Service\Service.csproj", "{27CF1BE6-0280-46F8-BB19-BC7147E02B6A}"
EndProject
Project("{FAE04EC0-301F-11D3-BF4B-00C04F79EFBC}") = "Client", "Client\Client.csproj", "{3BFACE4B-B4A5-42FC-A029-62F42B3B82B8}"
EndProject
Global
	GlobalSection(SolutionConfigurationPlatforms) = preSolution
		Debug|Any CPU = Debug|Any CPU
		Release|Any CPU = Release|Any CPU
	EndGlobalSection
	GlobalSection(ProjectConfigurationPlatforms) = postSolution
		{27CF1BE6-0280-46F8-BB19-BC7147E02B6A}.Debug|Any CPU.ActiveCfg = Debug|Any CPU
		{27CF1BE6-0280-46F8-BB19-BC7147E02B6A}.Debug|Any CPU.Build.0 = Debug|Any CPU
		{27CF1BE6-0280-46F8-BB19-BC7147E02B6A}.Release|Any CPU.ActiveCfg = Release|Any CPU
		{27CF1BE6-0280-46F8-BB19-BC7147E02B6A}.Release|Any CPU.Build.0 = Release|Any CPU
		{3BFACE4B-B4A5-42FC-A029-62F42B3B82B8}.Debug|Any CPU.ActiveCfg = Debug|Any CPU
		{3BFACE4B-B4A5-42FC-A029-62F42B3B82B8}.Debug|Any CPU.Build.0 = Debug|Any CPU
		{3BFACE4B-B4A5-42FC-A029-62F42B3B82B8}.Release|Any CPU.ActiveCfg = Release|Any CPU
		{3BFACE4B-B4A5-42FC-A029-62F42B3B82B8}.Release|Any CPU.Build.0 = Release|Any CPU
	EndGlobalSection
	GlobalSection(SolutionProperties) = preSolution
		HideSolutionNode = FALSE
	EndGlobalSection
EndGlobal
