
Microsoft Visual Studio Solution File, Format Version 12.00
# Visual Studio 15
VisualStudioVersion = 15.0.27428.2043
MinimumVisualStudioVersion = 10.0.40219.1
Project("{9A19103F-16F7-4668-BE54-9A1E7A4F7556}") = "Microsoft.Azure.Relay.ReverseProxy", "Microsoft.Azure.Relay.ReverseProxy\Microsoft.Azure.Relay.ReverseProxy.csproj", "{533E5236-F83D-4454-86E2-323C070A75C7}"
EndProject
Project("{FAE04EC0-301F-11D3-BF4B-00C04F79EFBC}") = "SampleWebApplication", "SampleWebApplication\SampleWebApplication.csproj", "{D06397DA-3179-4002-B877-84F4808D09D4}"
EndProject
Global
	GlobalSection(SolutionConfigurationPlatforms) = preSolution
		Debug|Any CPU = Debug|Any CPU
		Release|Any CPU = Release|Any CPU
	EndGlobalSection
	GlobalSection(ProjectConfigurationPlatforms) = postSolution
		{533E5236-F83D-4454-86E2-323C070A75C7}.Debug|Any CPU.ActiveCfg = Debug|Any CPU
		{533E5236-F83D-4454-86E2-323C070A75C7}.Debug|Any CPU.Build.0 = Debug|Any CPU
		{533E5236-F83D-4454-86E2-323C070A75C7}.Release|Any CPU.ActiveCfg = Release|Any CPU
		{533E5236-F83D-4454-86E2-323C070A75C7}.Release|Any CPU.Build.0 = Release|Any CPU
		{D06397DA-3179-4002-B877-84F4808D09D4}.Debug|Any CPU.ActiveCfg = Debug|Any CPU
		{D06397DA-3179-4002-B877-84F4808D09D4}.Debug|Any CPU.Build.0 = Debug|Any CPU
		{D06397DA-3179-4002-B877-84F4808D09D4}.Release|Any CPU.ActiveCfg = Release|Any CPU
		{D06397DA-3179-4002-B877-84F4808D09D4}.Release|Any CPU.Build.0 = Release|Any CPU
	EndGlobalSection
	GlobalSection(SolutionProperties) = preSolution
		HideSolutionNode = FALSE
	EndGlobalSection
	GlobalSection(ExtensibilityGlobals) = postSolution
		SolutionGuid = {C0E5965C-E557-4107-B1A8-FCB51455B01A}
	EndGlobalSection
EndGlobal
